
Microsoft Visual Studio Solution File, Format Version 12.00
# Visual Studio Version 16
VisualStudioVersion = 16.0.30523.141
MinimumVisualStudioVersion = 10.0.40219.1
Project("{FAE04EC0-301F-11D3-BF4B-00C04F79EFBC}") = "2020_11_18_Text_Editor", "2020_11_18_Text_Editor\2020_11_18_Text_Editor.csproj", "{23073C2A-7400-4A66-BAA8-F020E9AED220}"
EndProject
Global
	GlobalSection(SolutionConfigurationPlatforms) = preSolution
		Debug|Any CPU = Debug|Any CPU
		Release|Any CPU = Release|Any CPU
	EndGlobalSection
	GlobalSection(ProjectConfigurationPlatforms) = postSolution
		{23073C2A-7400-4A66-BAA8-F020E9AED220}.Debug|Any CPU.ActiveCfg = Debug|Any CPU
		{23073C2A-7400-4A66-BAA8-F020E9AED220}.Debug|Any CPU.Build.0 = Debug|Any CPU
		{23073C2A-7400-4A66-BAA8-F020E9AED220}.Release|Any CPU.ActiveCfg = Release|Any CPU
		{23073C2A-7400-4A66-BAA8-F020E9AED220}.Release|Any CPU.Build.0 = Release|Any CPU
	EndGlobalSection
	GlobalSection(SolutionProperties) = preSolution
		HideSolutionNode = FALSE
	EndGlobalSection
	GlobalSection(ExtensibilityGlobals) = postSolution
		SolutionGuid = {C6702878-DDB7-44B0-9ECD-DEC4BDF59F47}
	EndGlobalSection
EndGlobal
